
Microsoft Visual Studio Solution File, Format Version 12.00
# Visual Studio Version 16
VisualStudioVersion = 16.0.31213.239
MinimumVisualStudioVersion = 16.0.31213.239
Project("{9A19103F-16F7-4668-BE54-9A1E7A4F7556}") = "ProjectTemplates", "ProjectTemplates\ProjectTemplates.csproj", "{6A1E6AD2-4F1F-465C-9AB5-E2FAAA03EFB9}"
EndProject
Global
	GlobalSection(SolutionConfigurationPlatforms) = preSolution
		Debug|Any CPU = Debug|Any CPU
		Release|Any CPU = Release|Any CPU
	EndGlobalSection
	GlobalSection(ProjectConfigurationPlatforms) = postSolution
		{6A1E6AD2-4F1F-465C-9AB5-E2FAAA03EFB9}.Debug|Any CPU.ActiveCfg = Debug|Any CPU
		{6A1E6AD2-4F1F-465C-9AB5-E2FAAA03EFB9}.Debug|Any CPU.Build.0 = Debug|Any CPU
		{6A1E6AD2-4F1F-465C-9AB5-E2FAAA03EFB9}.Release|Any CPU.ActiveCfg = Release|Any CPU
		{6A1E6AD2-4F1F-465C-9AB5-E2FAAA03EFB9}.Release|Any CPU.Build.0 = Release|Any CPU
	EndGlobalSection
	GlobalSection(SolutionProperties) = preSolution
		HideSolutionNode = FALSE
	EndGlobalSection
	GlobalSection(ExtensibilityGlobals) = postSolution
		SolutionGuid = {1DE8268B-3D74-4236-9BA5-0B99E24EE3A9}
	EndGlobalSection
EndGlobal
